
Microsoft Visual Studio Solution File, Format Version 12.00
# Visual Studio Version 17
VisualStudioVersion = 17.2.32516.85
MinimumVisualStudioVersion = 10.0.40219.1
Project("{FAE04EC0-301F-11D3-BF4B-00C04F79EFBC}") = "ClotheMagazine", "ClotheMagazine\ClotheMagazine.csproj", "{F79F9FFA-2953-43AC-8906-6CA258647A15}"
EndProject
Project("{FAE04EC0-301F-11D3-BF4B-00C04F79EFBC}") = "Data.Models", "Data.Models\Data.Models.csproj", "{C70BFB8A-BABB-4783-8168-3387DBBEE337}"
EndProject
Project("{FAE04EC0-301F-11D3-BF4B-00C04F79EFBC}") = "Data.ShopContext", "Data.ShopContext\Data.ShopContext.csproj", "{1C42995F-0E15-49C6-AE4D-2A52D43F6D1E}"
EndProject
Global
	GlobalSection(SolutionConfigurationPlatforms) = preSolution
		Debug|Any CPU = Debug|Any CPU
		Release|Any CPU = Release|Any CPU
	EndGlobalSection
	GlobalSection(ProjectConfigurationPlatforms) = postSolution
		{F79F9FFA-2953-43AC-8906-6CA258647A15}.Debug|Any CPU.ActiveCfg = Debug|Any CPU
		{F79F9FFA-2953-43AC-8906-6CA258647A15}.Debug|Any CPU.Build.0 = Debug|Any CPU
		{F79F9FFA-2953-43AC-8906-6CA258647A15}.Release|Any CPU.ActiveCfg = Release|Any CPU
		{F79F9FFA-2953-43AC-8906-6CA258647A15}.Release|Any CPU.Build.0 = Release|Any CPU
		{C70BFB8A-BABB-4783-8168-3387DBBEE337}.Debug|Any CPU.ActiveCfg = Debug|Any CPU
		{C70BFB8A-BABB-4783-8168-3387DBBEE337}.Debug|Any CPU.Build.0 = Debug|Any CPU
		{C70BFB8A-BABB-4783-8168-3387DBBEE337}.Release|Any CPU.ActiveCfg = Release|Any CPU
		{C70BFB8A-BABB-4783-8168-3387DBBEE337}.Release|Any CPU.Build.0 = Release|Any CPU
		{1C42995F-0E15-49C6-AE4D-2A52D43F6D1E}.Debug|Any CPU.ActiveCfg = Debug|Any CPU
		{1C42995F-0E15-49C6-AE4D-2A52D43F6D1E}.Debug|Any CPU.Build.0 = Debug|Any CPU
		{1C42995F-0E15-49C6-AE4D-2A52D43F6D1E}.Release|Any CPU.ActiveCfg = Release|Any CPU
		{1C42995F-0E15-49C6-AE4D-2A52D43F6D1E}.Release|Any CPU.Build.0 = Release|Any CPU
	EndGlobalSection
	GlobalSection(SolutionProperties) = preSolution
		HideSolutionNode = FALSE
	EndGlobalSection
	GlobalSection(ExtensibilityGlobals) = postSolution
		SolutionGuid = {0A191539-1858-495D-9E2B-33811E9000D9}
	EndGlobalSection
EndGlobal
